
Microsoft Visual Studio Solution File, Format Version 12.00
# Visual Studio 2013
VisualStudioVersion = 12.0.21005.1
MinimumVisualStudioVersion = 10.0.40219.1
Project("{8BC9CEB8-8B4A-11D0-8D11-00A0C91BC942}") = "FireWall", "FireWall\FireWall.vcxproj", "{6F3FC2DC-8120-4D05-A2F1-6C98CD23E331}"
EndProject
Project("{8BC9CEB8-8B4A-11D0-8D11-00A0C91BC942}") = "FireWall Package", "FireWall Package\FireWall Package.vcxproj", "{A4856983-B67F-4B47-93BE-DD4AD3E8CF08}"
	ProjectSection(ProjectDependencies) = postProject
		{6F3FC2DC-8120-4D05-A2F1-6C98CD23E331} = {6F3FC2DC-8120-4D05-A2F1-6C98CD23E331}
	EndProjectSection
EndProject
Global
	GlobalSection(SolutionConfigurationPlatforms) = preSolution
		Win7 Debug|Win32 = Win7 Debug|Win32
		Win7 Debug|x64 = Win7 Debug|x64
		Win7 Release|Win32 = Win7 Release|Win32
		Win7 Release|x64 = Win7 Release|x64
		Win8 Debug|Win32 = Win8 Debug|Win32
		Win8 Debug|x64 = Win8 Debug|x64
		Win8 Release|Win32 = Win8 Release|Win32
		Win8 Release|x64 = Win8 Release|x64
		Win8.1 Debug|Win32 = Win8.1 Debug|Win32
		Win8.1 Debug|x64 = Win8.1 Debug|x64
		Win8.1 Release|Win32 = Win8.1 Release|Win32
		Win8.1 Release|x64 = Win8.1 Release|x64
	EndGlobalSection
	GlobalSection(ProjectConfigurationPlatforms) = postSolution
		{6F3FC2DC-8120-4D05-A2F1-6C98CD23E331}.Win7 Debug|Win32.ActiveCfg = Win7 Debug|Win32
		{6F3FC2DC-8120-4D05-A2F1-6C98CD23E331}.Win7 Debug|Win32.Build.0 = Win7 Debug|Win32
		{6F3FC2DC-8120-4D05-A2F1-6C98CD23E331}.Win7 Debug|Win32.Deploy.0 = Win7 Debug|Win32
		{6F3FC2DC-8120-4D05-A2F1-6C98CD23E331}.Win7 Debug|x64.ActiveCfg = Win7 Debug|x64
		{6F3FC2DC-8120-4D05-A2F1-6C98CD23E331}.Win7 Debug|x64.Build.0 = Win7 Debug|x64
		{6F3FC2DC-8120-4D05-A2F1-6C98CD23E331}.Win7 Debug|x64.Deploy.0 = Win7 Debug|x64
		{6F3FC2DC-8120-4D05-A2F1-6C98CD23E331}.Win7 Release|Win32.ActiveCfg = Win7 Release|Win32
		{6F3FC2DC-8120-4D05-A2F1-6C98CD23E331}.Win7 Release|Win32.Build.0 = Win7 Release|Win32
		{6F3FC2DC-8120-4D05-A2F1-6C98CD23E331}.Win7 Release|Win32.Deploy.0 = Win7 Release|Win32
		{6F3FC2DC-8120-4D05-A2F1-6C98CD23E331}.Win7 Release|x64.ActiveCfg = Win7 Release|x64
		{6F3FC2DC-8120-4D05-A2F1-6C98CD23E331}.Win7 Release|x64.Build.0 = Win7 Release|x64
		{6F3FC2DC-8120-4D05-A2F1-6C98CD23E331}.Win7 Release|x64.Deploy.0 = Win7 Release|x64
		{6F3FC2DC-8120-4D05-A2F1-6C98CD23E331}.Win8 Debug|Win32.ActiveCfg = Win8 Debug|Win32
		{6F3FC2DC-8120-4D05-A2F1-6C98CD23E331}.Win8 Debug|Win32.Build.0 = Win8 Debug|Win32
		{6F3FC2DC-8120-4D05-A2F1-6C98CD23E331}.Win8 Debug|Win32.Deploy.0 = Win8 Debug|Win32
		{6F3FC2DC-8120-4D05-A2F1-6C98CD23E331}.Win8 Debug|x64.ActiveCfg = Win8 Debug|x64
		{6F3FC2DC-8120-4D05-A2F1-6C98CD23E331}.Win8 Debug|x64.Build.0 = Win8 Debug|x64
		{6F3FC2DC-8120-4D05-A2F1-6C98CD23E331}.Win8 Debug|x64.Deploy.0 = Win8 Debug|x64
		{6F3FC2DC-8120-4D05-A2F1-6C98CD23E331}.Win8 Release|Win32.ActiveCfg = Win8 Release|Win32
		{6F3FC2DC-8120-4D05-A2F1-6C98CD23E331}.Win8 Release|Win32.Build.0 = Win8 Release|Win32
		{6F3FC2DC-8120-4D05-A2F1-6C98CD23E331}.Win8 Release|Win32.Deploy.0 = Win8 Release|Win32
		{6F3FC2DC-8120-4D05-A2F1-6C98CD23E331}.Win8 Release|x64.ActiveCfg = Win8 Release|x64
		{6F3FC2DC-8120-4D05-A2F1-6C98CD23E331}.Win8 Release|x64.Build.0 = Win8 Release|x64
		{6F3FC2DC-8120-4D05-A2F1-6C98CD23E331}.Win8 Release|x64.Deploy.0 = Win8 Release|x64
		{6F3FC2DC-8120-4D05-A2F1-6C98CD23E331}.Win8.1 Debug|Win32.ActiveCfg = Win8.1 Debug|Win32
		{6F3FC2DC-8120-4D05-A2F1-6C98CD23E331}.Win8.1 Debug|Win32.Build.0 = Win8.1 Debug|Win32
		{6F3FC2DC-8120-4D05-A2F1-6C98CD23E331}.Win8.1 Debug|Win32.Deploy.0 = Win8.1 Debug|Win32
		{6F3FC2DC-8120-4D05-A2F1-6C98CD23E331}.Win8.1 Debug|x64.ActiveCfg = Win8.1 Debug|x64
		{6F3FC2DC-8120-4D05-A2F1-6C98CD23E331}.Win8.1 Debug|x64.Build.0 = Win8.1 Debug|x64
		{6F3FC2DC-8120-4D05-A2F1-6C98CD23E331}.Win8.1 Debug|x64.Deploy.0 = Win8.1 Debug|x64
		{6F3FC2DC-8120-4D05-A2F1-6C98CD23E331}.Win8.1 Release|Win32.ActiveCfg = Win8.1 Release|Win32
		{6F3FC2DC-8120-4D05-A2F1-6C98CD23E331}.Win8.1 Release|Win32.Build.0 = Win8.1 Release|Win32
		{6F3FC2DC-8120-4D05-A2F1-6C98CD23E331}.Win8.1 Release|Win32.Deploy.0 = Win8.1 Release|Win32
		{6F3FC2DC-8120-4D05-A2F1-6C98CD23E331}.Win8.1 Release|x64.ActiveCfg = Win8.1 Release|x64
		{6F3FC2DC-8120-4D05-A2F1-6C98CD23E331}.Win8.1 Release|x64.Build.0 = Win8.1 Release|x64
		{6F3FC2DC-8120-4D05-A2F1-6C98CD23E331}.Win8.1 Release|x64.Deploy.0 = Win8.1 Release|x64
		{A4856983-B67F-4B47-93BE-DD4AD3E8CF08}.Win7 Debug|Win32.ActiveCfg = Win7 Debug|Win32
		{A4856983-B67F-4B47-93BE-DD4AD3E8CF08}.Win7 Debug|Win32.Build.0 = Win7 Debug|Win32
		{A4856983-B67F-4B47-93BE-DD4AD3E8CF08}.Win7 Debug|Win32.Deploy.0 = Win7 Debug|Win32
		{A4856983-B67F-4B47-93BE-DD4AD3E8CF08}.Win7 Debug|x64.ActiveCfg = Win7 Debug|x64
		{A4856983-B67F-4B47-93BE-DD4AD3E8CF08}.Win7 Debug|x64.Build.0 = Win7 Debug|x64
		{A4856983-B67F-4B47-93BE-DD4AD3E8CF08}.Win7 Debug|x64.Deploy.0 = Win7 Debug|x64
		{A4856983-B67F-4B47-93BE-DD4AD3E8CF08}.Win7 Release|Win32.ActiveCfg = Win7 Release|Win32
		{A4856983-B67F-4B47-93BE-DD4AD3E8CF08}.Win7 Release|Win32.Build.0 = Win7 Release|Win32
		{A4856983-B67F-4B47-93BE-DD4AD3E8CF08}.Win7 Release|Win32.Deploy.0 = Win7 Release|Win32
		{A4856983-B67F-4B47-93BE-DD4AD3E8CF08}.Win7 Release|x64.ActiveCfg = Win7 Release|x64
		{A4856983-B67F-4B47-93BE-DD4AD3E8CF08}.Win7 Release|x64.Build.0 = Win7 Release|x64
		{A4856983-B67F-4B47-93BE-DD4AD3E8CF08}.Win7 Release|x64.Deploy.0 = Win7 Release|x64
		{A4856983-B67F-4B47-93BE-DD4AD3E8CF08}.Win8 Debug|Win32.ActiveCfg = Win8 Debug|Win32
		{A4856983-B67F-4B47-93BE-DD4AD3E8CF08}.Win8 Debug|Win32.Build.0 = Win8 Debug|Win32
		{A4856983-B67F-4B47-93BE-DD4AD3E8CF08}.Win8 Debug|Win32.Deploy.0 = Win8 Debug|Win32
		{A4856983-B67F-4B47-93BE-DD4AD3E8CF08}.Win8 Debug|x64.ActiveCfg = Win8 Debug|x64
		{A4856983-B67F-4B47-93BE-DD4AD3E8CF08}.Win8 Debug|x64.Build.0 = Win8 Debug|x64
		{A4856983-B67F-4B47-93BE-DD4AD3E8CF08}.Win8 Debug|x64.Deploy.0 = Win8 Debug|x64
		{A4856983-B67F-4B47-93BE-DD4AD3E8CF08}.Win8 Release|Win32.ActiveCfg = Win8 Release|Win32
		{A4856983-B67F-4B47-93BE-DD4AD3E8CF08}.Win8 Release|Win32.Build.0 = Win8 Release|Win32
		{A4856983-B67F-4B47-93BE-DD4AD3E8CF08}.Win8 Release|Win32.Deploy.0 = Win8 Release|Win32
		{A4856983-B67F-4B47-93BE-DD4AD3E8CF08}.Win8 Release|x64.ActiveCfg = Win8 Release|x64
		{A4856983-B67F-4B47-93BE-DD4AD3E8CF08}.Win8 Release|x64.Build.0 = Win8 Release|x64
		{A4856983-B67F-4B47-93BE-DD4AD3E8CF08}.Win8 Release|x64.Deploy.0 = Win8 Release|x64
		{A4856983-B67F-4B47-93BE-DD4AD3E8CF08}.Win8.1 Debug|Win32.ActiveCfg = Win8.1 Debug|Win32
		{A4856983-B67F-4B47-93BE-DD4AD3E8CF08}.Win8.1 Debug|Win32.Build.0 = Win8.1 Debug|Win32
		{A4856983-B67F-4B47-93BE-DD4AD3E8CF08}.Win8.1 Debug|Win32.Deploy.0 = Win8.1 Debug|Win32
		{A4856983-B67F-4B47-93BE-DD4AD3E8CF08}.Win8.1 Debug|x64.ActiveCfg = Win8.1 Debug|x64
		{A4856983-B67F-4B47-93BE-DD4AD3E8CF08}.Win8.1 Debug|x64.Build.0 = Win8.1 Debug|x64
		{A4856983-B67F-4B47-93BE-DD4AD3E8CF08}.Win8.1 Debug|x64.Deploy.0 = Win8.1 Debug|x64
		{A4856983-B67F-4B47-93BE-DD4AD3E8CF08}.Win8.1 Release|Win32.ActiveCfg = Win8.1 Release|Win32
		{A4856983-B67F-4B47-93BE-DD4AD3E8CF08}.Win8.1 Release|Win32.Build.0 = Win8.1 Release|Win32
		{A4856983-B67F-4B47-93BE-DD4AD3E8CF08}.Win8.1 Release|Win32.Deploy.0 = Win8.1 Release|Win32
		{A4856983-B67F-4B47-93BE-DD4AD3E8CF08}.Win8.1 Release|x64.ActiveCfg = Win8.1 Release|x64
		{A4856983-B67F-4B47-93BE-DD4AD3E8CF08}.Win8.1 Release|x64.Build.0 = Win8.1 Release|x64
		{A4856983-B67F-4B47-93BE-DD4AD3E8CF08}.Win8.1 Release|x64.Deploy.0 = Win8.1 Release|x64
	EndGlobalSection
	GlobalSection(SolutionProperties) = preSolution
		HideSolutionNode = FALSE
	EndGlobalSection
EndGlobal
